
Microsoft Visual Studio Solution File, Format Version 12.00
# Visual Studio Version 17
VisualStudioVersion = 17.5.002.0
MinimumVisualStudioVersion = 10.0.40219.1
Project("{9A19103F-16F7-4668-BE54-9A1E7A4F7556}") = "OrderSaga", "OrderSaga.csproj", "{0ADB1F2D-6BEE-41F4-8686-B839590A4DF4}"
EndProject
Global
	GlobalSection(SolutionConfigurationPlatforms) = preSolution
		Debug|Any CPU = Debug|Any CPU
		Release|Any CPU = Release|Any CPU
	EndGlobalSection
	GlobalSection(ProjectConfigurationPlatforms) = postSolution
		{0ADB1F2D-6BEE-41F4-8686-B839590A4DF4}.Debug|Any CPU.ActiveCfg = Debug|Any CPU
		{0ADB1F2D-6BEE-41F4-8686-B839590A4DF4}.Debug|Any CPU.Build.0 = Debug|Any CPU
		{0ADB1F2D-6BEE-41F4-8686-B839590A4DF4}.Release|Any CPU.ActiveCfg = Release|Any CPU
		{0ADB1F2D-6BEE-41F4-8686-B839590A4DF4}.Release|Any CPU.Build.0 = Release|Any CPU
	EndGlobalSection
	GlobalSection(SolutionProperties) = preSolution
		HideSolutionNode = FALSE
	EndGlobalSection
	GlobalSection(ExtensibilityGlobals) = postSolution
		SolutionGuid = {F6BE439D-BF9C-4246-8CA6-57CDED31C9AB}
	EndGlobalSection
EndGlobal
